
Microsoft Visual Studio Solution File, Format Version 12.00
# Visual Studio Version 16
VisualStudioVersion = 16.0.31515.178
MinimumVisualStudioVersion = 10.0.40219.1
Project("{FAE04EC0-301F-11D3-BF4B-00C04F79EFBC}") = "Gesture_Go_v1", "Gesture_Go_v1\Gesture_Go_v1.csproj", "{4C887993-F059-481E-A3B8-E7AF5933FEB0}"
EndProject
Global
	GlobalSection(SolutionConfigurationPlatforms) = preSolution
		Debug|Any CPU = Debug|Any CPU
		Release|Any CPU = Release|Any CPU
	EndGlobalSection
	GlobalSection(ProjectConfigurationPlatforms) = postSolution
		{4C887993-F059-481E-A3B8-E7AF5933FEB0}.Debug|Any CPU.ActiveCfg = Debug|Any CPU
		{4C887993-F059-481E-A3B8-E7AF5933FEB0}.Debug|Any CPU.Build.0 = Debug|Any CPU
		{4C887993-F059-481E-A3B8-E7AF5933FEB0}.Release|Any CPU.ActiveCfg = Release|Any CPU
		{4C887993-F059-481E-A3B8-E7AF5933FEB0}.Release|Any CPU.Build.0 = Release|Any CPU
	EndGlobalSection
	GlobalSection(SolutionProperties) = preSolution
		HideSolutionNode = FALSE
	EndGlobalSection
	GlobalSection(ExtensibilityGlobals) = postSolution
		SolutionGuid = {60CBBE61-5768-4E8E-A501-B433ABAFAAD5}
	EndGlobalSection
EndGlobal
